
Microsoft Visual Studio Solution File, Format Version 12.00
# Visual Studio Version 17
VisualStudioVersion = 17.12.35527.113
MinimumVisualStudioVersion = 10.0.40219.1
Project("{2150E333-8FDC-42A3-9474-1A3956D46DE8}") = "FrontEnd", "FrontEnd", "{41F0181F-FD37-44FB-B3FB-AC85D2FD4949}"
EndProject
Project("{2150E333-8FDC-42A3-9474-1A3956D46DE8}") = "Gateway", "Gateway", "{BD1E4A36-91A1-4DB8-A4D1-CFE6018555D5}"
EndProject
Project("{2150E333-8FDC-42A3-9474-1A3956D46DE8}") = "Integration", "Integration", "{66163136-9DCA-44DB-B599-399C2CEAA826}"
EndProject
Project("{2150E333-8FDC-42A3-9474-1A3956D46DE8}") = "Services", "Services", "{66D22BFE-4636-4B31-A609-E0A8952D8F6B}"
EndProject
Project("{FAE04EC0-301F-11D3-BF4B-00C04F79EFBC}") = "Shop.Services.CouponAPI", "Shop.Services.CouponAPI\Shop.Services.CouponAPI.csproj", "{F26529FD-71A1-4399-B0B6-2DC84B4B714B}"
EndProject
Project("{FAE04EC0-301F-11D3-BF4B-00C04F79EFBC}") = "Shop.Web", "Shop.Web\Shop.Web.csproj", "{A808780D-7CDE-4501-90A1-2A5FD3BE46B2}"
EndProject
Project("{FAE04EC0-301F-11D3-BF4B-00C04F79EFBC}") = "Shop.Services.AuthApi", "Shop.Services.AuthApi\Shop.Services.AuthApi.csproj", "{0E84A426-A6E2-4B7F-ADC4-A031F4815AD4}"
EndProject
Project("{FAE04EC0-301F-11D3-BF4B-00C04F79EFBC}") = "Shop.Services.ProductAPI", "Shop.Services.ProductAPI\Shop.Services.ProductAPI.csproj", "{6FB7E564-E7F0-4CB3-B3E5-1D9B170C89F5}"
EndProject
Project("{FAE04EC0-301F-11D3-BF4B-00C04F79EFBC}") = "Shop.Services.ShoppingCart", "Shop.Services.ShoppingCart\Shop.Services.ShoppingCart.csproj", "{17ABCC87-AFAE-4FF8-80E2-C94C1922E3B2}"
EndProject
Project("{FAE04EC0-301F-11D3-BF4B-00C04F79EFBC}") = "Shop.MessageBus", "Shop.MessageBus\Shop.MessageBus.csproj", "{7914075B-EB13-44F9-8C31-C9F3C08EE66E}"
EndProject
Project("{FAE04EC0-301F-11D3-BF4B-00C04F79EFBC}") = "Shop.Services.EmailAPI", "Shop.Services.EmailAPI\Shop.Services.EmailAPI.csproj", "{7EF05C6A-BE32-43FA-85FD-D626A9086843}"
EndProject
Project("{FAE04EC0-301F-11D3-BF4B-00C04F79EFBC}") = "Shop.Services.OrderApi", "Shop.Services.OrederApi\Shop.Services.OrderApi.csproj", "{12A39C6A-0D80-471D-81B5-1E8139B964A0}"
EndProject
Project("{FAE04EC0-301F-11D3-BF4B-00C04F79EFBC}") = "Shop.Services.RewardApi", "Shop.Services.RewardApi\Shop.Services.RewardApi.csproj", "{6FAC30C5-6CFD-4BC3-8BED-98123E5D4596}"
EndProject
Project("{FAE04EC0-301F-11D3-BF4B-00C04F79EFBC}") = "Shop.GetwaySolution", "Shop.GewaySolution\Shop.GetwaySolution.csproj", "{EF2D9B34-925F-40B3-A676-09E47737ACD2}"
EndProject
Global
	GlobalSection(SolutionConfigurationPlatforms) = preSolution
		Debug|Any CPU = Debug|Any CPU
		Release|Any CPU = Release|Any CPU
	EndGlobalSection
	GlobalSection(ProjectConfigurationPlatforms) = postSolution
		{F26529FD-71A1-4399-B0B6-2DC84B4B714B}.Debug|Any CPU.ActiveCfg = Debug|Any CPU
		{F26529FD-71A1-4399-B0B6-2DC84B4B714B}.Debug|Any CPU.Build.0 = Debug|Any CPU
		{F26529FD-71A1-4399-B0B6-2DC84B4B714B}.Release|Any CPU.ActiveCfg = Release|Any CPU
		{F26529FD-71A1-4399-B0B6-2DC84B4B714B}.Release|Any CPU.Build.0 = Release|Any CPU
		{A808780D-7CDE-4501-90A1-2A5FD3BE46B2}.Debug|Any CPU.ActiveCfg = Debug|Any CPU
		{A808780D-7CDE-4501-90A1-2A5FD3BE46B2}.Debug|Any CPU.Build.0 = Debug|Any CPU
		{A808780D-7CDE-4501-90A1-2A5FD3BE46B2}.Release|Any CPU.ActiveCfg = Release|Any CPU
		{A808780D-7CDE-4501-90A1-2A5FD3BE46B2}.Release|Any CPU.Build.0 = Release|Any CPU
		{0E84A426-A6E2-4B7F-ADC4-A031F4815AD4}.Debug|Any CPU.ActiveCfg = Debug|Any CPU
		{0E84A426-A6E2-4B7F-ADC4-A031F4815AD4}.Debug|Any CPU.Build.0 = Debug|Any CPU
		{0E84A426-A6E2-4B7F-ADC4-A031F4815AD4}.Release|Any CPU.ActiveCfg = Release|Any CPU
		{0E84A426-A6E2-4B7F-ADC4-A031F4815AD4}.Release|Any CPU.Build.0 = Release|Any CPU
		{6FB7E564-E7F0-4CB3-B3E5-1D9B170C89F5}.Debug|Any CPU.ActiveCfg = Debug|Any CPU
		{6FB7E564-E7F0-4CB3-B3E5-1D9B170C89F5}.Debug|Any CPU.Build.0 = Debug|Any CPU
		{6FB7E564-E7F0-4CB3-B3E5-1D9B170C89F5}.Release|Any CPU.ActiveCfg = Release|Any CPU
		{6FB7E564-E7F0-4CB3-B3E5-1D9B170C89F5}.Release|Any CPU.Build.0 = Release|Any CPU
		{17ABCC87-AFAE-4FF8-80E2-C94C1922E3B2}.Debug|Any CPU.ActiveCfg = Debug|Any CPU
		{17ABCC87-AFAE-4FF8-80E2-C94C1922E3B2}.Debug|Any CPU.Build.0 = Debug|Any CPU
		{17ABCC87-AFAE-4FF8-80E2-C94C1922E3B2}.Release|Any CPU.ActiveCfg = Release|Any CPU
		{17ABCC87-AFAE-4FF8-80E2-C94C1922E3B2}.Release|Any CPU.Build.0 = Release|Any CPU
		{7914075B-EB13-44F9-8C31-C9F3C08EE66E}.Debug|Any CPU.ActiveCfg = Debug|Any CPU
		{7914075B-EB13-44F9-8C31-C9F3C08EE66E}.Debug|Any CPU.Build.0 = Debug|Any CPU
		{7914075B-EB13-44F9-8C31-C9F3C08EE66E}.Release|Any CPU.ActiveCfg = Release|Any CPU
		{7914075B-EB13-44F9-8C31-C9F3C08EE66E}.Release|Any CPU.Build.0 = Release|Any CPU
		{7EF05C6A-BE32-43FA-85FD-D626A9086843}.Debug|Any CPU.ActiveCfg = Debug|Any CPU
		{7EF05C6A-BE32-43FA-85FD-D626A9086843}.Debug|Any CPU.Build.0 = Debug|Any CPU
		{7EF05C6A-BE32-43FA-85FD-D626A9086843}.Release|Any CPU.ActiveCfg = Release|Any CPU
		{7EF05C6A-BE32-43FA-85FD-D626A9086843}.Release|Any CPU.Build.0 = Release|Any CPU
		{12A39C6A-0D80-471D-81B5-1E8139B964A0}.Debug|Any CPU.ActiveCfg = Debug|Any CPU
		{12A39C6A-0D80-471D-81B5-1E8139B964A0}.Debug|Any CPU.Build.0 = Debug|Any CPU
		{12A39C6A-0D80-471D-81B5-1E8139B964A0}.Release|Any CPU.ActiveCfg = Release|Any CPU
		{12A39C6A-0D80-471D-81B5-1E8139B964A0}.Release|Any CPU.Build.0 = Release|Any CPU
		{6FAC30C5-6CFD-4BC3-8BED-98123E5D4596}.Debug|Any CPU.ActiveCfg = Debug|Any CPU
		{6FAC30C5-6CFD-4BC3-8BED-98123E5D4596}.Debug|Any CPU.Build.0 = Debug|Any CPU
		{6FAC30C5-6CFD-4BC3-8BED-98123E5D4596}.Release|Any CPU.ActiveCfg = Release|Any CPU
		{6FAC30C5-6CFD-4BC3-8BED-98123E5D4596}.Release|Any CPU.Build.0 = Release|Any CPU
		{EF2D9B34-925F-40B3-A676-09E47737ACD2}.Debug|Any CPU.ActiveCfg = Debug|Any CPU
		{EF2D9B34-925F-40B3-A676-09E47737ACD2}.Debug|Any CPU.Build.0 = Debug|Any CPU
		{EF2D9B34-925F-40B3-A676-09E47737ACD2}.Release|Any CPU.ActiveCfg = Release|Any CPU
		{EF2D9B34-925F-40B3-A676-09E47737ACD2}.Release|Any CPU.Build.0 = Release|Any CPU
	EndGlobalSection
	GlobalSection(SolutionProperties) = preSolution
		HideSolutionNode = FALSE
	EndGlobalSection
	GlobalSection(NestedProjects) = preSolution
		{F26529FD-71A1-4399-B0B6-2DC84B4B714B} = {66D22BFE-4636-4B31-A609-E0A8952D8F6B}
		{A808780D-7CDE-4501-90A1-2A5FD3BE46B2} = {41F0181F-FD37-44FB-B3FB-AC85D2FD4949}
		{0E84A426-A6E2-4B7F-ADC4-A031F4815AD4} = {66D22BFE-4636-4B31-A609-E0A8952D8F6B}
		{6FB7E564-E7F0-4CB3-B3E5-1D9B170C89F5} = {66D22BFE-4636-4B31-A609-E0A8952D8F6B}
		{17ABCC87-AFAE-4FF8-80E2-C94C1922E3B2} = {66D22BFE-4636-4B31-A609-E0A8952D8F6B}
		{7914075B-EB13-44F9-8C31-C9F3C08EE66E} = {66163136-9DCA-44DB-B599-399C2CEAA826}
		{7EF05C6A-BE32-43FA-85FD-D626A9086843} = {66D22BFE-4636-4B31-A609-E0A8952D8F6B}
		{12A39C6A-0D80-471D-81B5-1E8139B964A0} = {66D22BFE-4636-4B31-A609-E0A8952D8F6B}
		{6FAC30C5-6CFD-4BC3-8BED-98123E5D4596} = {66D22BFE-4636-4B31-A609-E0A8952D8F6B}
		{EF2D9B34-925F-40B3-A676-09E47737ACD2} = {BD1E4A36-91A1-4DB8-A4D1-CFE6018555D5}
	EndGlobalSection
EndGlobal
